{
  "name": "ai-insights-personas",
  "version": "3.25.0",
  "lockfileVersion": 3,
  "requires": true,
  "packages": {
    "": {
      "name": "ai-insights-personas",
      "version": "3.25.0",
      "dependencies": {
        "@mistralys/persona-builder": "^2.6.0",
        "js-yaml": "^4.1.0"
      }
    },
    "node_modules/@mistralys/persona-builder": {
      "version": "2.6.0",
      "resolved": "https://registry.npmjs.org/@mistralys/persona-builder/-/persona-builder-2.6.0.tgz",
      "integrity": "sha512-tvy1VyWQgY4yJ87Zcv8FVglhkewTwAsC8o98df0/EK9qDQyBi0Il9jrlw6Mxon8/Sk7aMsSF9KN2smzCx6KzOA==",
      "license": "MIT",
      "dependencies": {
        "js-yaml": "^4.1.0"
      },
      "bin": {
        "persona-build": "dist/cli.js"
      },
      "engines": {
        "node": ">=18.0.0"
      }
    },
    "node_modules/argparse": {
      "version": "2.0.1",
      "license": "Python-2.0"
    },
    "node_modules/js-yaml": {
      "version": "4.1.1",
      "license": "MIT",
      "dependencies": {
        "argparse": "^2.0.1"
      },
      "bin": {
        "js-yaml": "bin/js-yaml.js"
      }
    }
  }
}
