{
  "name": "ai-insights-personas",
  "version": "3.39.0",
  "lockfileVersion": 3,
  "requires": true,
  "packages": {
    "": {
      "name": "ai-insights-personas",
      "version": "3.39.0",
      "dependencies": {
        "@mistralys/persona-builder": "^3.0.1",
        "js-yaml": "^4.1.0"
      }
    },
    "node_modules/@mistralys/persona-builder": {
      "version": "3.0.1",
      "resolved": "https://registry.npmjs.org/@mistralys/persona-builder/-/persona-builder-3.0.1.tgz",
      "integrity": "sha512-o8Lda8EYIGPUIqBQsVP7iyXiTGFNP8hcqQv7ixmCB8v+Tm8K9SPgi1TmmuyQsUlhl/z31bJAb5yKcz+e3siJDg==",
      "license": "MIT",
      "dependencies": {
        "js-yaml": "^4.1.0"
      },
      "bin": {
        "persona-build": "dist/cli.js"
      },
      "engines": {
        "node": ">=18.0.0"
      }
    },
    "node_modules/argparse": {
      "version": "2.0.1",
      "resolved": "https://registry.npmjs.org/argparse/-/argparse-2.0.1.tgz",
      "integrity": "sha512-8+9WqebbFzpX9OR+Wa6O29asIogeRMzcGtAINdpMHHyAg10f05aSFVBbcEqGf/PXw1EjAZ+q2/bEBg3DvurK3Q==",
      "license": "Python-2.0"
    },
    "node_modules/js-yaml": {
      "version": "4.3.2",
      "resolved": "https://registry.npmjs.org/js-yaml/-/js-yaml-4.3.2.tgz",
      "integrity": "sha512-SFNOvSJ+Dgf/9An904Yx+CgSlIPCkIpao4qo51lpee25TIRejdH3rhR4EZMGoNx3/TP3O+wzWuiTFl4sqbltzA==",
      "funding": [
        {
          "type": "github",
          "url": "https://github.com/sponsors/puzrin"
        },
        {
          "type": "github",
          "url": "https://github.com/sponsors/nodeca"
        }
      ],
      "license": "MIT",
      "dependencies": {
        "argparse": "^2.0.1"
      },
      "bin": {
        "js-yaml": "bin/js-yaml.js"
      }
    }
  }
}
