{
  "name": "ai-insights-personas",
  "version": "3.26.0",
  "lockfileVersion": 3,
  "requires": true,
  "packages": {
    "": {
      "name": "ai-insights-personas",
      "version": "3.26.0",
      "dependencies": {
        "@mistralys/persona-builder": "^2.6.0",
        "js-yaml": "^4.1.0"
      }
    },
    "node_modules/@mistralys/persona-builder": {
      "version": "2.6.0",
      "resolved": "file:../../ai-persona-builder/mistralys-persona-builder-2.6.0.tgz",
      "integrity": "sha512-0H6vFA6OcV8UX6EPl4oQIl75vtz9xhhDY4eN2M9gbDgAlMNwjohTgKc5lVinGOz6ayrh+X9gca4DkEy16wlrAQ==",
      "license": "MIT",
      "dependencies": {
        "js-yaml": "^4.1.0"
      },
      "bin": {
        "persona-build": "dist/cli.js"
      },
      "engines": {
        "node": ">=18.0.0"
      }
    },
    "node_modules/argparse": {
      "version": "2.0.1",
      "license": "Python-2.0"
    },
    "node_modules/js-yaml": {
      "version": "4.1.1",
      "license": "MIT",
      "dependencies": {
        "argparse": "^2.0.1"
      },
      "bin": {
        "js-yaml": "bin/js-yaml.js"
      }
    }
  }
}
